# THIS IS AN AUTOGENERATED FILE. DO NOT EDIT THIS FILE DIRECTLY.
# yarn lockfile v1


"@fortawesome/angular-fontawesome@^2.0.1":
  version "2.0.1"
  resolved "https://registry.yarnpkg.com/@fortawesome/angular-fontawesome/-/angular-fontawesome-2.0.1.tgz#69824761a0f4d5c9849de26519b89719459b82a1"
  integrity sha512-IdklZkuw+WS2GQWhFnr1EX/tOALnrKaj4YGnUmPaUg2Uf+Amj8Xi+M/qDrr915YJ5MaDxd9tZ1kqOHRcvQqq2A==
  dependencies:
    "@fortawesome/fontawesome-svg-core" "^6.7.2"
    tslib "^2.8.1"

"@fortawesome/fontawesome-common-types@6.7.2":
  version "6.7.2"
  resolved "https://registry.yarnpkg.com/@fortawesome/fontawesome-common-types/-/fontawesome-common-types-6.7.2.tgz#7123d74b0c1e726794aed1184795dbce12186470"
  integrity sha512-Zs+YeHUC5fkt7Mg1l6XTniei3k4bwG/yo3iFUtZWd/pMx9g3fdvkSK9E0FOC+++phXOka78uJcYb8JaFkW52Xg==

"@fortawesome/fontawesome-svg-core@^6.7.2":
  version "6.7.2"
  resolved "https://registry.yarnpkg.com/@fortawesome/fontawesome-svg-core/-/fontawesome-svg-core-6.7.2.tgz#0ac6013724d5cc327c1eb81335b91300a4fce2f2"
  integrity sha512-yxtOBWDrdi5DD5o1pmVdq3WMCvnobT0LU6R8RyyVXPvFRd2o79/0NCuQoCjNTeZz9EzA9xS3JxNWfv54RIHFEA==
  dependencies:
    "@fortawesome/fontawesome-common-types" "6.7.2"

tslib@^2.3.0, tslib@^2.8.1:
  version "2.8.1"
  resolved "https://registry.yarnpkg.com/tslib/-/tslib-2.8.1.tgz#612efe4ed235d567e8aba5f2a5fab70280ade83f"
  integrity sha512-oJFu94HQb+KVduSUQL7wnpmqnfmLsOA/nAh6b6EH0wCEoK0/mPeXU6c3wKDV83MkOuHPRHtSXKKU99IBazS/2w==
