# THIS IS AN AUTOGENERATED FILE. DO NOT EDIT THIS FILE DIRECTLY.
# yarn lockfile v1


"@angular/common@^19.2.0", "@angular/common@19.2.14":
  version "19.2.14"
  resolved "https://registry.npmjs.org/@angular/common/-/common-19.2.14.tgz"
  integrity sha512-NcNklcuyqaTjOVGf7aru8APX9mjsnZ01gFZrn47BxHozhaR0EMRrotYQTdi8YdVjPkeYFYanVntSLfhyobq/jg==
  dependencies:
    tslib "^2.3.0"

"@angular/core@^19.0.0", "@angular/core@^19.2.0", "@angular/core@>=13.0.0", "@angular/core@19.2.14":
  version "19.2.14"
  resolved "https://registry.npmjs.org/@angular/core/-/core-19.2.14.tgz"
  integrity sha512-EVErpW9tGqJ/wNcAN3G/ErH8pHCJ8mM1E6bsJ8UJIpDTZkpqqYjBMtZS9YWH5n3KwUd1tAkAB2w8FK125AjDUQ==
  dependencies:
    tslib "^2.3.0"

"@angular/platform-browser@19.2.14":
  version "19.2.14"
  resolved "https://registry.npmjs.org/@angular/platform-browser/-/platform-browser-19.2.14.tgz"
  integrity sha512-hzkT5nmA64oVBQl6PRjdL4dIFT1n7lfM9rm5cAoS+6LUUKRgiE2d421Kpn/Hz3jaCJfo+calMIdtSMIfUJBmww==
  dependencies:
    tslib "^2.3.0"

"@angular/router@^19.2.0":
  version "19.2.14"
  resolved "https://registry.npmjs.org/@angular/router/-/router-19.2.14.tgz"
  integrity sha512-cBTWY9Jx7YhbmDYDb7Hqz4Q7UNIMlKTkdKToJd2pbhIXyoS+kHVQrySmyca+jgvYMjWnIjsAEa3dpje12D4mFw==
  dependencies:
    tslib "^2.3.0"

"@fortawesome/angular-fontawesome@^1.0.0":
  version "1.0.0"
  resolved "https://registry.npmjs.org/@fortawesome/angular-fontawesome/-/angular-fontawesome-1.0.0.tgz"
  integrity sha512-EC2fYuXIuw2ld1kzJi+zysWus6OeGGfLQtbh0hW9zyyq5aBo8ZJkcJKBsVQ8E6Mg7nHyTWaXn+sdcXTPDWz+UQ==
  dependencies:
    "@fortawesome/fontawesome-svg-core" "^6.7.1"
    tslib "^2.8.1"

"@fortawesome/fontawesome-common-types@6.7.2":
  version "6.7.2"
  resolved "https://registry.npmjs.org/@fortawesome/fontawesome-common-types/-/fontawesome-common-types-6.7.2.tgz"
  integrity sha512-Zs+YeHUC5fkt7Mg1l6XTniei3k4bwG/yo3iFUtZWd/pMx9g3fdvkSK9E0FOC+++phXOka78uJcYb8JaFkW52Xg==

"@fortawesome/fontawesome-svg-core@^6.7.1", "@fortawesome/fontawesome-svg-core@^6.7.2":
  version "6.7.2"
  resolved "https://registry.npmjs.org/@fortawesome/fontawesome-svg-core/-/fontawesome-svg-core-6.7.2.tgz"
  integrity sha512-yxtOBWDrdi5DD5o1pmVdq3WMCvnobT0LU6R8RyyVXPvFRd2o79/0NCuQoCjNTeZz9EzA9xS3JxNWfv54RIHFEA==
  dependencies:
    "@fortawesome/fontawesome-common-types" "6.7.2"

"@fortawesome/free-brands-svg-icons@^6.7.2":
  version "6.7.2"
  resolved "https://registry.npmjs.org/@fortawesome/free-brands-svg-icons/-/free-brands-svg-icons-6.7.2.tgz"
  integrity sha512-zu0evbcRTgjKfrr77/2XX+bU+kuGfjm0LbajJHVIgBWNIDzrhpRxiCPNT8DW5AdmSsq7Mcf9D1bH0aSeSUSM+Q==
  dependencies:
    "@fortawesome/fontawesome-common-types" "6.7.2"

"@fortawesome/free-regular-svg-icons@^6.7.2":
  version "6.7.2"
  resolved "https://registry.npmjs.org/@fortawesome/free-regular-svg-icons/-/free-regular-svg-icons-6.7.2.tgz"
  integrity sha512-7Z/ur0gvCMW8G93dXIQOkQqHo2M5HLhYrRVC0//fakJXxcF1VmMPsxnG6Ee8qEylA8b8Q3peQXWMNZ62lYF28g==
  dependencies:
    "@fortawesome/fontawesome-common-types" "6.7.2"

"@fortawesome/free-solid-svg-icons@^6.7.2":
  version "6.7.2"
  resolved "https://registry.npmjs.org/@fortawesome/free-solid-svg-icons/-/free-solid-svg-icons-6.7.2.tgz"
  integrity sha512-GsBrnOzU8uj0LECDfD5zomZJIjrPhIlWU82AHwa2s40FKH+kcxQaBvBo3Z4TxyZHIyX8XTDxsyA33/Vx9eFuQA==
  dependencies:
    "@fortawesome/fontawesome-common-types" "6.7.2"

"@ngx-translate/core@^14.0.0":
  version "14.0.0"
  resolved "https://registry.npmjs.org/@ngx-translate/core/-/core-14.0.0.tgz"
  integrity sha512-UevdwNCXMRCdJv//0kC8h2eSfmi02r29xeE8E9gJ1Al4D4jEJ7eiLPdjslTMc21oJNGguqqWeEVjf64SFtvw2w==
  dependencies:
    tslib "^2.3.0"

"rxjs@^6.5.3 || ^7.4.0":
  version "7.8.2"
  resolved "https://registry.npmjs.org/rxjs/-/rxjs-7.8.2.tgz"
  integrity sha512-dhKf903U/PQZY6boNNtAGdWbG85WAbjT/1xYoZIC7FAY0yWapOBQVsVrDl58W86//e1VpMNBtRV4MaXfdMySFA==
  dependencies:
    tslib "^2.1.0"

tslib@^2.1.0, tslib@^2.3.0, tslib@^2.8.1:
  version "2.8.1"
  resolved "https://registry.npmjs.org/tslib/-/tslib-2.8.1.tgz"
  integrity sha512-oJFu94HQb+KVduSUQL7wnpmqnfmLsOA/nAh6b6EH0wCEoK0/mPeXU6c3wKDV83MkOuHPRHtSXKKU99IBazS/2w==

zone.js@~0.15.0:
  version "0.15.1"
  resolved "https://registry.npmjs.org/zone.js/-/zone.js-0.15.1.tgz"
  integrity sha512-XE96n56IQpJM7NAoXswY3XRLcWFW83xe0BiAOeMD7K5k5xecOeul3Qcpx6GqEeeHNkW5DWL5zOyTbEfB4eti8w==
